# This file is automatically @generated by Poetry 1.5.1 and should not be changed by hand.

[[package]]
name = "neo4j"
version = "5.13.0"
description = "Neo4j Bolt driver for Python"
optional = false
python-versions = ">=3.7"
files = [
    {file = "neo4j-5.13.0.tar.gz", hash = "sha256:44e60e2b4946340a60b5ba13710d599615f7432612af2bdefc29f44169004de5"},
]

[package.dependencies]
pytz = "*"

[package.extras]
numpy = ["numpy (>=1.7.0,<2.0.0)"]
pandas = ["numpy (>=1.7.0,<2.0.0)", "pandas (>=1.1.0,<3.0.0)"]

[[package]]
name = "pytz"
version = "2023.3.post1"
description = "World timezone definitions, modern and historical"
optional = false
python-versions = "*"
files = [
    {file = "pytz-2023.3.post1-py2.py3-none-any.whl", hash = "sha256:ce42d816b81b68506614c11e8937d3aa9e41007ceb50bfdcb0749b921bf646c7"},
    {file = "pytz-2023.3.post1.tar.gz", hash = "sha256:7b4fddbeb94a1eba4b557da24f19fdf9db575192544270a9101d8509f9f43d7b"},
]

[metadata]
lock-version = "2.0"
python-versions = "^3.11"
content-hash = "60bcd5587e23acf101ee414db1126c4ec6f602ebe61791adb1870f2fbd8aee19"
